{
  "name": "miniprogram",
  "version": "1.0.0",
  "lockfileVersion": 1,
  "requires": true,
  "dependencies": {
    "@cloudbase/adapter-interface": {
      "version": "0.4.0",
      "resolved": "https://registry.npmjs.org/@cloudbase/adapter-interface/-/adapter-interface-0.4.0.tgz",
      "integrity": "sha512-vbNQlr4NK5mdsMr3elk4/OdE/opLpZB+8JPTXAQM4/ldcTZtmb1Dnt3T2g9u5LSHDlRjdzyeM5ARvVqUq+2bmw=="
    },
    "@cloudbase/database": {
      "version": "0.9.11-rc.0",
      "resolved": "https://registry.npmjs.org/@cloudbase/database/-/database-0.9.11-rc.0.tgz",
      "integrity": "sha512-7OK9ae6ZYc1eVX7dPXiyuH9i8bMcXqGeYEIxztiIyH3W2DVW/b9v7wmztY14Xpj+Vau9SLFBPKxnKCRxVqz+Hg==",
      "requires": {
        "bson": "^4.0.2",
        "lodash.clonedeep": "4.5.0",
        "lodash.set": "4.3.2",
        "lodash.unset": "4.5.2"
      }
    },
    "@cloudbase/extension-ci": {
      "version": "0.2.2",
      "resolved": "https://registry.npmjs.org/@cloudbase/extension-ci/-/extension-ci-0.2.2.tgz",
      "integrity": "sha512-wDFgGoRNgwOP6e2mc0qPMaNuMD3GkCFKBWtQavrvrMCMNYY2m6qse+ld9zGUqes11t3jRxXBNrBqWmfgM14mbQ==",
      "requires": {
        "fast-xml-parser": "^3.16.0",
        "js-base64": "^2.5.2"
      }
    },
    "axios": {
      "version": "0.19.2",
      "resolved": "https://registry.npmjs.org/axios/-/axios-0.19.2.tgz",
      "integrity": "sha512-fjgm5MvRHLhx+osE2xoekY70AhARk3a6hkN+3Io1jc00jtquGvxYlKlsFUhmUET0V5te6CcZI7lcv2Ym61mjHA==",
      "requires": {
        "follow-redirects": "1.5.10"
      }
    },
    "base64-js": {
      "version": "1.3.1",
      "resolved": "https://registry.npmjs.org/base64-js/-/base64-js-1.3.1.tgz",
      "integrity": "sha512-mLQ4i2QO1ytvGWFWmcngKO//JXAQueZvwEKtjgQFM4jIK0kU+ytMfplL8j+n5mspOfjHwoAg+9yhb7BwAHm36g=="
    },
    "bson": {
      "version": "4.0.4",
      "resolved": "https://registry.npmjs.org/bson/-/bson-4.0.4.tgz",
      "integrity": "sha512-Ioi3TD0/1V3aI8+hPfC56TetYmzfq2H07jJa9A1lKTxWsFtHtYdLMGMXjtGEg9v0f72NSM07diRQEUNYhLupIA==",
      "requires": {
        "buffer": "^5.1.0",
        "long": "^4.0.0"
      }
    },
    "buffer": {
      "version": "5.6.0",
      "resolved": "https://registry.npmjs.org/buffer/-/buffer-5.6.0.tgz",
      "integrity": "sha512-/gDYp/UtU0eA1ys8bOs9J6a+E/KWIY+DZ+Q2WESNUA0jFRsJOc0SNUO6xJ5SGA1xueg3NL65W6s+NY5l9cunuw==",
      "requires": {
        "base64-js": "^1.0.2",
        "ieee754": "^1.1.4"
      }
    },
    "cloudbase-adapter-wx_mp": {
      "version": "0.1.1",
      "resolved": "https://registry.npmjs.org/cloudbase-adapter-wx_mp/-/cloudbase-adapter-wx_mp-0.1.1.tgz",
      "integrity": "sha512-ty902JEJNn3Gq7FQtWCfybnNPWJHZDGz5wUE7w6Nq5mALgNvh2VWf4P7tKcJeYmzZGRp9BtZ1rf+24ukJ1Jdig==",
      "requires": {
        "@cloudbase/adapter-interface": "^0.4.0"
      }
    },
    "crypto-js": {
      "version": "3.3.0",
      "resolved": "https://registry.npmjs.org/crypto-js/-/crypto-js-3.3.0.tgz",
      "integrity": "sha512-DIT51nX0dCfKltpRiXV+/TVZq+Qq2NgF4644+K7Ttnla7zEzqc+kjJyiB96BHNyUTBxyjzRcZYpUdZa+QAqi6Q=="
    },
    "debug": {
      "version": "3.1.0",
      "resolved": "https://registry.npmjs.org/debug/-/debug-3.1.0.tgz",
      "integrity": "sha512-OX8XqP7/1a9cqkxYw2yXss15f26NKWBpDXQd0/uK/KPqdQhxbPa994hnzjcE2VqQpDslf55723cKPUOGSmMY3g==",
      "requires": {
        "ms": "2.0.0"
      }
    },
    "fast-xml-parser": {
      "version": "3.16.0",
      "resolved": "https://registry.npmjs.org/fast-xml-parser/-/fast-xml-parser-3.16.0.tgz",
      "integrity": "sha512-U+bpScacfgnfNfIKlWHDu4u6rtOaCyxhblOLJ8sZPkhsjgGqdZmVPBhdOyvdMGCDt8CsAv+cssOP3NzQptNt2w=="
    },
    "fingerprintjs2": {
      "version": "2.1.0",
      "resolved": "https://registry.npmjs.org/fingerprintjs2/-/fingerprintjs2-2.1.0.tgz",
      "integrity": "sha512-H1k/ESTD2rJ3liupyqWBPjZC+LKfCGixQzz/NDN4dkgbmG1bVFyMOh7luKSkVDoyfhgvRm62pviNMPI+eJTZcQ=="
    },
    "follow-redirects": {
      "version": "1.5.10",
      "resolved": "https://registry.npmjs.org/follow-redirects/-/follow-redirects-1.5.10.tgz",
      "integrity": "sha512-0V5l4Cizzvqt5D44aTXbFZz+FtyXV1vrDN6qrelxtfYQKW0KO0W2T/hkE8xvGa/540LkZlkaUjO4ailYTFtHVQ==",
      "requires": {
        "debug": "=3.1.0"
      }
    },
    "ieee754": {
      "version": "1.1.13",
      "resolved": "https://registry.npmjs.org/ieee754/-/ieee754-1.1.13.tgz",
      "integrity": "sha512-4vf7I2LYV/HaWerSo3XmlMkp5eZ83i+/CDluXi/IGTs/O1sejBNhTtnxzmRZfvOUqj7lZjqHkeTvpgSFDlWZTg=="
    },
    "js-base64": {
      "version": "2.5.2",
      "resolved": "https://registry.npmjs.org/js-base64/-/js-base64-2.5.2.tgz",
      "integrity": "sha512-Vg8czh0Q7sFBSUMWWArX/miJeBWYBPpdU/3M/DKSaekLMqrqVPaedp+5mZhie/r0lgrcaYBfwXatEew6gwgiQQ=="
    },
    "lodash.clonedeep": {
      "version": "4.5.0",
      "resolved": "https://registry.npmjs.org/lodash.clonedeep/-/lodash.clonedeep-4.5.0.tgz",
      "integrity": "sha1-4j8/nE+Pvd6HJSnBBxhXoIblzO8="
    },
    "lodash.set": {
      "version": "4.3.2",
      "resolved": "https://registry.npmjs.org/lodash.set/-/lodash.set-4.3.2.tgz",
      "integrity": "sha1-2HV7HagH3eJIFrDWqEvqGnYjCyM="
    },
    "lodash.unset": {
      "version": "4.5.2",
      "resolved": "https://registry.npmjs.org/lodash.unset/-/lodash.unset-4.5.2.tgz",
      "integrity": "sha1-Nw0dPoW3Kn4bDN8tJyEhMG8j5O0="
    },
    "long": {
      "version": "4.0.0",
      "resolved": "https://registry.npmjs.org/long/-/long-4.0.0.tgz",
      "integrity": "sha512-XsP+KhQif4bjX1kbuSiySJFNAehNxgLb6hPRGJ9QsUr8ajHkuXGdrHmFUTUUXhDwVX2R5bY4JNZEwbUiMhV+MA=="
    },
    "ms": {
      "version": "2.0.0",
      "resolved": "https://registry.npmjs.org/ms/-/ms-2.0.0.tgz",
      "integrity": "sha1-VgiurfwAvmwpAd9fmGF4jeDVl8g="
    },
    "punycode": {
      "version": "1.3.2",
      "resolved": "https://registry.npmjs.org/punycode/-/punycode-1.3.2.tgz",
      "integrity": "sha1-llOgNvt8HuQjQvIyXM7v6jkmxI0="
    },
    "querystring": {
      "version": "0.2.0",
      "resolved": "https://registry.npmjs.org/querystring/-/querystring-0.2.0.tgz",
      "integrity": "sha1-sgmEkgO7Jd+CDadW50cAWHhSFiA="
    },
    "tcb-js-sdk": {
      "version": "1.6.1",
      "resolved": "https://registry.npmjs.org/tcb-js-sdk/-/tcb-js-sdk-1.6.1.tgz",
      "integrity": "sha512-yKRuihpyypyKuw2HHMtll6TG606sx18Ii3Z531BfcHIenDkY7akOCx/RDzzLTHNFiKMXdHauEmK2G/1kU3NtnA==",
      "requires": {
        "@cloudbase/adapter-interface": "^0.4.0",
        "@cloudbase/database": "0.9.11-rc.0",
        "axios": "^0.19.1",
        "cloudbase-adapter-wx_mp": "^0.1.0",
        "crypto-js": "^3.1.9-1",
        "fingerprintjs2": "^2.1.0",
        "url": "^0.11.0"
      }
    },
    "url": {
      "version": "0.11.0",
      "resolved": "https://registry.npmjs.org/url/-/url-0.11.0.tgz",
      "integrity": "sha1-ODjpfPxgUh63PFJajlW/3Z4uKPE=",
      "requires": {
        "punycode": "1.3.2",
        "querystring": "0.2.0"
      }
    }
  }
}
